
Microsoft Visual Studio Solution File, Format Version 12.00
# Visual Studio Version 16
VisualStudioVersion = 16.0.29920.165
MinimumVisualStudioVersion = 10.0.40219.1
Project("{FAE04EC0-301F-11D3-BF4B-00C04F79EFBC}") = "GameServer", "GameServer\GameServer.csproj", "{835B4AC9-D3D4-41E1-9680-1B97F13883B3}"
EndProject
Global
	GlobalSection(SolutionConfigurationPlatforms) = preSolution
		Debug|Any CPU = Debug|Any CPU
		Release|Any CPU = Release|Any CPU
	EndGlobalSection
	GlobalSection(ProjectConfigurationPlatforms) = postSolution
		{835B4AC9-D3D4-41E1-9680-1B97F13883B3}.Debug|Any CPU.ActiveCfg = Debug|Any CPU
		{835B4AC9-D3D4-41E1-9680-1B97F13883B3}.Debug|Any CPU.Build.0 = Debug|Any CPU
		{835B4AC9-D3D4-41E1-9680-1B97F13883B3}.Release|Any CPU.ActiveCfg = Release|Any CPU
		{835B4AC9-D3D4-41E1-9680-1B97F13883B3}.Release|Any CPU.Build.0 = Release|Any CPU
	EndGlobalSection
	GlobalSection(SolutionProperties) = preSolution
		HideSolutionNode = FALSE
	EndGlobalSection
	GlobalSection(ExtensibilityGlobals) = postSolution
		SolutionGuid = {CDA1AEF0-E0E5-44D6-915C-0CB528612A56}
	EndGlobalSection
EndGlobal
